{
  "name": "marco",
  "version": "1.0.0",
  "lockfileVersion": 1,
  "requires": true,
  "dependencies": {
    "@types/command-line-args": {
      "version": "4.0.2",
      "resolved": "https://registry.npmjs.org/@types/command-line-args/-/command-line-args-4.0.2.tgz",
      "integrity": "sha1-u7dWhoW7zZxptGyeaj9kEYkHNcg="
    },
    "@types/node": {
      "version": "9.3.0",
      "resolved": "https://registry.npmjs.org/@types/node/-/node-9.3.0.tgz",
      "integrity": "sha1-OhKc2nxOXfJAlwJiaJLLS5ZUbdU="
    },
    "commander": {
      "version": "2.13.0",
      "resolved": "https://registry.npmjs.org/commander/-/commander-2.13.0.tgz",
      "integrity": "sha1-aWS8pnaF33wfFDDFhPB9dZeIW5w="
    }
  }
}
